
Microsoft Visual Studio Solution File, Format Version 12.00
# Visual Studio Version 17
VisualStudioVersion = 17.13.35931.197
MinimumVisualStudioVersion = 10.0.40219.1
Project("{FAE04EC0-301F-11D3-BF4B-00C04F79EFBC}") = "My_BoomSosed_NET", "My_BoomSosed_NET.csproj", "{6501CEC9-10F5-434E-83FC-B98EA18589F9}"
EndProject
Project("{C7167F0D-BC9F-4E6E-AFE1-012C56B48DB5}") = "My_BoomSosed_NET.Package", "My_BoomSosed_NET.WAPP\My_BoomSosed_NET.Package.wapproj", "{73DA0A33-2543-4ED5-8C7D-89C5D10C42BE}"
EndProject
Global
	GlobalSection(SolutionConfigurationPlatforms) = preSolution
		Debug|Any CPU = Debug|Any CPU
		Debug|ARM = Debug|ARM
		Debug|ARM64 = Debug|ARM64
		Debug|x64 = Debug|x64
		Debug|x86 = Debug|x86
		Release|Any CPU = Release|Any CPU
		Release|ARM = Release|ARM
		Release|ARM64 = Release|ARM64
		Release|x64 = Release|x64
		Release|x86 = Release|x86
	EndGlobalSection
	GlobalSection(ProjectConfigurationPlatforms) = postSolution
		{6501CEC9-10F5-434E-83FC-B98EA18589F9}.Debug|Any CPU.ActiveCfg = Debug|Any CPU
		{6501CEC9-10F5-434E-83FC-B98EA18589F9}.Debug|Any CPU.Build.0 = Debug|Any CPU
		{6501CEC9-10F5-434E-83FC-B98EA18589F9}.Debug|ARM.ActiveCfg = Debug|Any CPU
		{6501CEC9-10F5-434E-83FC-B98EA18589F9}.Debug|ARM.Build.0 = Debug|Any CPU
		{6501CEC9-10F5-434E-83FC-B98EA18589F9}.Debug|ARM64.ActiveCfg = Debug|Any CPU
		{6501CEC9-10F5-434E-83FC-B98EA18589F9}.Debug|ARM64.Build.0 = Debug|Any CPU
		{6501CEC9-10F5-434E-83FC-B98EA18589F9}.Debug|x64.ActiveCfg = Debug|Any CPU
		{6501CEC9-10F5-434E-83FC-B98EA18589F9}.Debug|x64.Build.0 = Debug|Any CPU
		{6501CEC9-10F5-434E-83FC-B98EA18589F9}.Debug|x86.ActiveCfg = Debug|Any CPU
		{6501CEC9-10F5-434E-83FC-B98EA18589F9}.Debug|x86.Build.0 = Debug|Any CPU
		{6501CEC9-10F5-434E-83FC-B98EA18589F9}.Release|Any CPU.ActiveCfg = Release|Any CPU
		{6501CEC9-10F5-434E-83FC-B98EA18589F9}.Release|Any CPU.Build.0 = Release|Any CPU
		{6501CEC9-10F5-434E-83FC-B98EA18589F9}.Release|ARM.ActiveCfg = Release|Any CPU
		{6501CEC9-10F5-434E-83FC-B98EA18589F9}.Release|ARM.Build.0 = Release|Any CPU
		{6501CEC9-10F5-434E-83FC-B98EA18589F9}.Release|ARM64.ActiveCfg = Release|Any CPU
		{6501CEC9-10F5-434E-83FC-B98EA18589F9}.Release|ARM64.Build.0 = Release|Any CPU
		{6501CEC9-10F5-434E-83FC-B98EA18589F9}.Release|x64.ActiveCfg = Release|Any CPU
		{6501CEC9-10F5-434E-83FC-B98EA18589F9}.Release|x64.Build.0 = Release|Any CPU
		{6501CEC9-10F5-434E-83FC-B98EA18589F9}.Release|x86.ActiveCfg = Release|Any CPU
		{6501CEC9-10F5-434E-83FC-B98EA18589F9}.Release|x86.Build.0 = Release|Any CPU
		{73DA0A33-2543-4ED5-8C7D-89C5D10C42BE}.Debug|Any CPU.ActiveCfg = Debug|Any CPU
		{73DA0A33-2543-4ED5-8C7D-89C5D10C42BE}.Debug|Any CPU.Build.0 = Debug|Any CPU
		{73DA0A33-2543-4ED5-8C7D-89C5D10C42BE}.Debug|Any CPU.Deploy.0 = Debug|Any CPU
		{73DA0A33-2543-4ED5-8C7D-89C5D10C42BE}.Debug|ARM.ActiveCfg = Debug|ARM
		{73DA0A33-2543-4ED5-8C7D-89C5D10C42BE}.Debug|ARM.Build.0 = Debug|ARM
		{73DA0A33-2543-4ED5-8C7D-89C5D10C42BE}.Debug|ARM.Deploy.0 = Debug|ARM
		{73DA0A33-2543-4ED5-8C7D-89C5D10C42BE}.Debug|ARM64.ActiveCfg = Debug|ARM64
		{73DA0A33-2543-4ED5-8C7D-89C5D10C42BE}.Debug|ARM64.Build.0 = Debug|ARM64
		{73DA0A33-2543-4ED5-8C7D-89C5D10C42BE}.Debug|ARM64.Deploy.0 = Debug|ARM64
		{73DA0A33-2543-4ED5-8C7D-89C5D10C42BE}.Debug|x64.ActiveCfg = Debug|x64
		{73DA0A33-2543-4ED5-8C7D-89C5D10C42BE}.Debug|x64.Build.0 = Debug|x64
		{73DA0A33-2543-4ED5-8C7D-89C5D10C42BE}.Debug|x64.Deploy.0 = Debug|x64
		{73DA0A33-2543-4ED5-8C7D-89C5D10C42BE}.Debug|x86.ActiveCfg = Debug|x86
		{73DA0A33-2543-4ED5-8C7D-89C5D10C42BE}.Debug|x86.Build.0 = Debug|x86
		{73DA0A33-2543-4ED5-8C7D-89C5D10C42BE}.Debug|x86.Deploy.0 = Debug|x86
		{73DA0A33-2543-4ED5-8C7D-89C5D10C42BE}.Release|Any CPU.ActiveCfg = Release|Any CPU
		{73DA0A33-2543-4ED5-8C7D-89C5D10C42BE}.Release|Any CPU.Build.0 = Release|Any CPU
		{73DA0A33-2543-4ED5-8C7D-89C5D10C42BE}.Release|Any CPU.Deploy.0 = Release|Any CPU
		{73DA0A33-2543-4ED5-8C7D-89C5D10C42BE}.Release|ARM.ActiveCfg = Release|ARM
		{73DA0A33-2543-4ED5-8C7D-89C5D10C42BE}.Release|ARM.Build.0 = Release|ARM
		{73DA0A33-2543-4ED5-8C7D-89C5D10C42BE}.Release|ARM.Deploy.0 = Release|ARM
		{73DA0A33-2543-4ED5-8C7D-89C5D10C42BE}.Release|ARM64.ActiveCfg = Release|ARM64
		{73DA0A33-2543-4ED5-8C7D-89C5D10C42BE}.Release|ARM64.Build.0 = Release|ARM64
		{73DA0A33-2543-4ED5-8C7D-89C5D10C42BE}.Release|ARM64.Deploy.0 = Release|ARM64
		{73DA0A33-2543-4ED5-8C7D-89C5D10C42BE}.Release|x64.ActiveCfg = Release|x64
		{73DA0A33-2543-4ED5-8C7D-89C5D10C42BE}.Release|x64.Build.0 = Release|x64
		{73DA0A33-2543-4ED5-8C7D-89C5D10C42BE}.Release|x64.Deploy.0 = Release|x64
		{73DA0A33-2543-4ED5-8C7D-89C5D10C42BE}.Release|x86.ActiveCfg = Release|x86
		{73DA0A33-2543-4ED5-8C7D-89C5D10C42BE}.Release|x86.Build.0 = Release|x86
		{73DA0A33-2543-4ED5-8C7D-89C5D10C42BE}.Release|x86.Deploy.0 = Release|x86
	EndGlobalSection
	GlobalSection(SolutionProperties) = preSolution
		HideSolutionNode = FALSE
	EndGlobalSection
	GlobalSection(ExtensibilityGlobals) = postSolution
		SolutionGuid = {BBD32DE0-57E7-460A-818D-05405A1CD353}
	EndGlobalSection
EndGlobal
